
Microsoft Visual Studio Solution File, Format Version 12.00
# Visual Studio Version 17
VisualStudioVersion = 17.9.34607.119
MinimumVisualStudioVersion = 10.0.40219.1
Project("{FAE04EC0-301F-11D3-BF4B-00C04F79EFBC}") = "LB6", "LB6.csproj", "{19253A00-0E95-45A0-B509-C1688E63824F}"
EndProject
Global
	GlobalSection(SolutionConfigurationPlatforms) = preSolution
		Debug|Any CPU = Debug|Any CPU
		Release|Any CPU = Release|Any CPU
	EndGlobalSection
	GlobalSection(ProjectConfigurationPlatforms) = postSolution
		{19253A00-0E95-45A0-B509-C1688E63824F}.Debug|Any CPU.ActiveCfg = Debug|Any CPU
		{19253A00-0E95-45A0-B509-C1688E63824F}.Debug|Any CPU.Build.0 = Debug|Any CPU
		{19253A00-0E95-45A0-B509-C1688E63824F}.Release|Any CPU.ActiveCfg = Release|Any CPU
		{19253A00-0E95-45A0-B509-C1688E63824F}.Release|Any CPU.Build.0 = Release|Any CPU
	EndGlobalSection
	GlobalSection(SolutionProperties) = preSolution
		HideSolutionNode = FALSE
	EndGlobalSection
	GlobalSection(ExtensibilityGlobals) = postSolution
		SolutionGuid = {AD645799-BC3F-4378-9771-46BB1E66CF8B}
	EndGlobalSection
EndGlobal
